
Microsoft Visual Studio Solution File, Format Version 12.00
# Visual Studio Version 16
VisualStudioVersion = 16.0.30523.141
MinimumVisualStudioVersion = 10.0.40219.1
Project("{8BC9CEB8-8B4A-11D0-8D11-00A0C91BC942}") = "Лабораторна робота №6.1(2)", "Лабораторна робота №6.1(2)\Лабораторна робота №6.1(2).vcxproj", "{95F311F2-1FC0-4AFB-BEA6-AA31AFC6F87F}"
EndProject
Project("{8BC9CEB8-8B4A-11D0-8D11-00A0C91BC942}") = "UnitTest1", "UnitTest1\UnitTest1.vcxproj", "{4566AF8C-EF93-4E14-ADEE-2DFD278C6CAE}"
EndProject
Global
	GlobalSection(SolutionConfigurationPlatforms) = preSolution
		Debug|x64 = Debug|x64
		Debug|x86 = Debug|x86
		Release|x64 = Release|x64
		Release|x86 = Release|x86
	EndGlobalSection
	GlobalSection(ProjectConfigurationPlatforms) = postSolution
		{95F311F2-1FC0-4AFB-BEA6-AA31AFC6F87F}.Debug|x64.ActiveCfg = Debug|x64
		{95F311F2-1FC0-4AFB-BEA6-AA31AFC6F87F}.Debug|x64.Build.0 = Debug|x64
		{95F311F2-1FC0-4AFB-BEA6-AA31AFC6F87F}.Debug|x86.ActiveCfg = Debug|Win32
		{95F311F2-1FC0-4AFB-BEA6-AA31AFC6F87F}.Debug|x86.Build.0 = Debug|Win32
		{95F311F2-1FC0-4AFB-BEA6-AA31AFC6F87F}.Release|x64.ActiveCfg = Release|x64
		{95F311F2-1FC0-4AFB-BEA6-AA31AFC6F87F}.Release|x64.Build.0 = Release|x64
		{95F311F2-1FC0-4AFB-BEA6-AA31AFC6F87F}.Release|x86.ActiveCfg = Release|Win32
		{95F311F2-1FC0-4AFB-BEA6-AA31AFC6F87F}.Release|x86.Build.0 = Release|Win32
		{4566AF8C-EF93-4E14-ADEE-2DFD278C6CAE}.Debug|x64.ActiveCfg = Debug|x64
		{4566AF8C-EF93-4E14-ADEE-2DFD278C6CAE}.Debug|x64.Build.0 = Debug|x64
		{4566AF8C-EF93-4E14-ADEE-2DFD278C6CAE}.Debug|x86.ActiveCfg = Debug|Win32
		{4566AF8C-EF93-4E14-ADEE-2DFD278C6CAE}.Debug|x86.Build.0 = Debug|Win32
		{4566AF8C-EF93-4E14-ADEE-2DFD278C6CAE}.Release|x64.ActiveCfg = Release|x64
		{4566AF8C-EF93-4E14-ADEE-2DFD278C6CAE}.Release|x64.Build.0 = Release|x64
		{4566AF8C-EF93-4E14-ADEE-2DFD278C6CAE}.Release|x86.ActiveCfg = Release|Win32
		{4566AF8C-EF93-4E14-ADEE-2DFD278C6CAE}.Release|x86.Build.0 = Release|Win32
	EndGlobalSection
	GlobalSection(SolutionProperties) = preSolution
		HideSolutionNode = FALSE
	EndGlobalSection
	GlobalSection(ExtensibilityGlobals) = postSolution
		SolutionGuid = {43872C17-C8B8-4B15-AD54-36C2C3A4165B}
	EndGlobalSection
EndGlobal
